Microsoft Visual Studio Solution File, Format Version 11.00
# Visual Studio 2008

Project("{E6FBA37E-EABF-F2AB-3EB2-C3756D2F0E78}") = "FlipCart_UI", "Assembly-CSharp-firstpass-vs.csproj", "{66C1BD5B-74D8-F624-C9D2-466F1424E80D}"
EndProject
Project("{E6FBA37E-EABF-F2AB-3EB2-C3756D2F0E78}") = "FlipCart_UI", "Assembly-CSharp-vs.csproj", "{BEF7CDA5-BF3A-2B64-5C7D-1CE2D9162569}"
EndProject
Project("{E6FBA37E-EABF-F2AB-3EB2-C3756D2F0E78}") = "FlipCart_UI", "Assembly-CSharp-Editor-firstpass-vs.csproj", "{D5633C49-76A1-4B5C-55F2-04211B4C2315}"
EndProject
Project("{E6FBA37E-EABF-F2AB-3EB2-C3756D2F0E78}") = "FlipCart_UI", "Assembly-CSharp-Editor-vs.csproj", "{465B79A7-F81C-F9F4-84E5-829FBF3BAA66}"
EndProject
Global
	GlobalSection(SolutionConfigurationPlatforms) = preSolution
		Debug|Any CPU = Debug|Any CPU
		Release|Any CPU = Release|Any CPU
	EndGlobalSection
	GlobalSection(ProjectConfigurationPlatforms) = postSolution
		{66C1BD5B-74D8-F624-C9D2-466F1424E80D}.Debug|Any CPU.ActiveCfg = Debug|Any CPU
		{66C1BD5B-74D8-F624-C9D2-466F1424E80D}.Debug|Any CPU.Build.0 = Debug|Any CPU
		{66C1BD5B-74D8-F624-C9D2-466F1424E80D}.Release|Any CPU.ActiveCfg = Release|Any CPU
		{66C1BD5B-74D8-F624-C9D2-466F1424E80D}.Release|Any CPU.Build.0 = Release|Any CPU
		{BEF7CDA5-BF3A-2B64-5C7D-1CE2D9162569}.Debug|Any CPU.ActiveCfg = Debug|Any CPU
		{BEF7CDA5-BF3A-2B64-5C7D-1CE2D9162569}.Debug|Any CPU.Build.0 = Debug|Any CPU
		{BEF7CDA5-BF3A-2B64-5C7D-1CE2D9162569}.Release|Any CPU.ActiveCfg = Release|Any CPU
		{BEF7CDA5-BF3A-2B64-5C7D-1CE2D9162569}.Release|Any CPU.Build.0 = Release|Any CPU
		{D5633C49-76A1-4B5C-55F2-04211B4C2315}.Debug|Any CPU.ActiveCfg = Debug|Any CPU
		{D5633C49-76A1-4B5C-55F2-04211B4C2315}.Debug|Any CPU.Build.0 = Debug|Any CPU
		{D5633C49-76A1-4B5C-55F2-04211B4C2315}.Release|Any CPU.ActiveCfg = Release|Any CPU
		{D5633C49-76A1-4B5C-55F2-04211B4C2315}.Release|Any CPU.Build.0 = Release|Any CPU
		{465B79A7-F81C-F9F4-84E5-829FBF3BAA66}.Debug|Any CPU.ActiveCfg = Debug|Any CPU
		{465B79A7-F81C-F9F4-84E5-829FBF3BAA66}.Debug|Any CPU.Build.0 = Debug|Any CPU
		{465B79A7-F81C-F9F4-84E5-829FBF3BAA66}.Release|Any CPU.ActiveCfg = Release|Any CPU
		{465B79A7-F81C-F9F4-84E5-829FBF3BAA66}.Release|Any CPU.Build.0 = Release|Any CPU
	EndGlobalSection
	GlobalSection(SolutionProperties) = preSolution
		HideSolutionNode = FALSE
	EndGlobalSection
																																																																																																		GlobalSection(MonoDevelopProperties) = preSolution
		StartupItem = Assembly-CSharp.csproj
		Policies = $0
		$0.TextStylePolicy = $1
		$1.inheritsSet = null
		$1.scope = text/x-csharp
		$0.CSharpFormattingPolicy = $2
		$2.inheritsSet = Mono
		$2.inheritsScope = text/x-csharp
		$2.scope = text/x-csharp
		$0.TextStylePolicy = $3
		$3.FileWidth = 120
		$3.TabWidth = 4
		$3.IndentWidth = 4
		$3.EolMarker = Unix
		$3.inheritsSet = Mono
		$3.inheritsScope = text/plain
		$3.scope = text/plain
	EndGlobalSection

EndGlobal
