Microsoft Visual Studio Solution File, Format Version 11.00
# Visual Studio 2008

Project("{9FF355A7-10E6-C33B-0B42-8E23D1EAF83A}") = "Screen Shop(16-NOV-Versatile)", "Assembly-CSharp-firstpass.csproj", "{4ED98362-1535-588D-F6FE-C1666C5DE894}"
EndProject
Project("{9FF355A7-10E6-C33B-0B42-8E23D1EAF83A}") = "Screen Shop(16-NOV-Versatile)", "Assembly-CSharp.csproj", "{E36D9F54-B9D8-FFDC-1BE9-192DEC50ED4F}"
EndProject
Project("{9FF355A7-10E6-C33B-0B42-8E23D1EAF83A}") = "Screen Shop(16-NOV-Versatile)", "Assembly-CSharp-Editor-firstpass.csproj", "{58E0134C-2FA3-48D2-C7B0-D1FA1DD606EB}"
EndProject
Project("{9FF355A7-10E6-C33B-0B42-8E23D1EAF83A}") = "Screen Shop(16-NOV-Versatile)", "Assembly-CSharp-Editor.csproj", "{16C190F1-2CC3-0065-EDBD-E04FFB2A3011}"
EndProject
Project("{9FF355A7-10E6-C33B-0B42-8E23D1EAF83A}") = "Screen Shop(16-NOV-Versatile)", "Assembly-UnityScript.unityproj", "{7132BE88-3DAA-51BE-2577-0C6776EA262E}"
EndProject
Global
	GlobalSection(SolutionConfigurationPlatforms) = preSolution
		Debug|Any CPU = Debug|Any CPU
		Release|Any CPU = Release|Any CPU
	EndGlobalSection
	GlobalSection(ProjectConfigurationPlatforms) = postSolution
		{4ED98362-1535-588D-F6FE-C1666C5DE894}.Debug|Any CPU.ActiveCfg = Debug|Any CPU
		{4ED98362-1535-588D-F6FE-C1666C5DE894}.Debug|Any CPU.Build.0 = Debug|Any CPU
		{4ED98362-1535-588D-F6FE-C1666C5DE894}.Release|Any CPU.ActiveCfg = Release|Any CPU
		{4ED98362-1535-588D-F6FE-C1666C5DE894}.Release|Any CPU.Build.0 = Release|Any CPU
		{E36D9F54-B9D8-FFDC-1BE9-192DEC50ED4F}.Debug|Any CPU.ActiveCfg = Debug|Any CPU
		{E36D9F54-B9D8-FFDC-1BE9-192DEC50ED4F}.Debug|Any CPU.Build.0 = Debug|Any CPU
		{E36D9F54-B9D8-FFDC-1BE9-192DEC50ED4F}.Release|Any CPU.ActiveCfg = Release|Any CPU
		{E36D9F54-B9D8-FFDC-1BE9-192DEC50ED4F}.Release|Any CPU.Build.0 = Release|Any CPU
		{58E0134C-2FA3-48D2-C7B0-D1FA1DD606EB}.Debug|Any CPU.ActiveCfg = Debug|Any CPU
		{58E0134C-2FA3-48D2-C7B0-D1FA1DD606EB}.Debug|Any CPU.Build.0 = Debug|Any CPU
		{58E0134C-2FA3-48D2-C7B0-D1FA1DD606EB}.Release|Any CPU.ActiveCfg = Release|Any CPU
		{58E0134C-2FA3-48D2-C7B0-D1FA1DD606EB}.Release|Any CPU.Build.0 = Release|Any CPU
		{16C190F1-2CC3-0065-EDBD-E04FFB2A3011}.Debug|Any CPU.ActiveCfg = Debug|Any CPU
		{16C190F1-2CC3-0065-EDBD-E04FFB2A3011}.Debug|Any CPU.Build.0 = Debug|Any CPU
		{16C190F1-2CC3-0065-EDBD-E04FFB2A3011}.Release|Any CPU.ActiveCfg = Release|Any CPU
		{16C190F1-2CC3-0065-EDBD-E04FFB2A3011}.Release|Any CPU.Build.0 = Release|Any CPU
		{7132BE88-3DAA-51BE-2577-0C6776EA262E}.Debug|Any CPU.ActiveCfg = Debug|Any CPU
		{7132BE88-3DAA-51BE-2577-0C6776EA262E}.Debug|Any CPU.Build.0 = Debug|Any CPU
		{7132BE88-3DAA-51BE-2577-0C6776EA262E}.Release|Any CPU.ActiveCfg = Release|Any CPU
		{7132BE88-3DAA-51BE-2577-0C6776EA262E}.Release|Any CPU.Build.0 = Release|Any CPU
	EndGlobalSection
	GlobalSection(SolutionProperties) = preSolution
		HideSolutionNode = FALSE
	EndGlobalSection
			GlobalSection(MonoDevelopProperties) = preSolution
		StartupItem = Assembly-CSharp.csproj
		Policies = $0
		$0.TextStylePolicy = $1
		$1.inheritsSet = null
		$1.scope = text/x-csharp
		$0.CSharpFormattingPolicy = $2
		$2.inheritsSet = Mono
		$2.inheritsScope = text/x-csharp
		$2.scope = text/x-csharp
		$0.TextStylePolicy = $3
		$3.FileWidth = 120
		$3.TabWidth = 4
		$3.IndentWidth = 4
		$3.EolMarker = Unix
		$3.inheritsSet = Mono
		$3.inheritsScope = text/plain
		$3.scope = text/plain
	EndGlobalSection

EndGlobal
