Microsoft Visual Studio Solution File, Format Version 11.00
# Visual Studio 2008

Project("{F0B5F450-3B79-4EAA-DAD2-27FCCF569A09}") = "Screen_Shop", "Assembly-CSharp-firstpass.csproj", "{024ACEF6-5A4A-78CC-D198-D64F34502E1C}"
EndProject
Project("{F0B5F450-3B79-4EAA-DAD2-27FCCF569A09}") = "Screen_Shop", "Assembly-CSharp.csproj", "{B04806C6-5A0B-1CD8-79E4-D9C1658E24B5}"
EndProject
Project("{F0B5F450-3B79-4EAA-DAD2-27FCCF569A09}") = "Screen_Shop", "Assembly-CSharp-Editor-firstpass.csproj", "{C60CC4EF-074F-36DA-6A8C-DA6DE7050B0D}"
EndProject
Project("{F0B5F450-3B79-4EAA-DAD2-27FCCF569A09}") = "Screen_Shop", "Assembly-CSharp-Editor.csproj", "{303DC81C-5979-F604-C82B-0498D022E28E}"
EndProject
Project("{F0B5F450-3B79-4EAA-DAD2-27FCCF569A09}") = "Screen_Shop", "Assembly-UnityScript.unityproj", "{CCE6B43D-BCFB-928E-44D1-3649C06B53AE}"
EndProject
Global
	GlobalSection(SolutionConfigurationPlatforms) = preSolution
		Debug|Any CPU = Debug|Any CPU
		Release|Any CPU = Release|Any CPU
	EndGlobalSection
	GlobalSection(ProjectConfigurationPlatforms) = postSolution
		{024ACEF6-5A4A-78CC-D198-D64F34502E1C}.Debug|Any CPU.ActiveCfg = Debug|Any CPU
		{024ACEF6-5A4A-78CC-D198-D64F34502E1C}.Debug|Any CPU.Build.0 = Debug|Any CPU
		{024ACEF6-5A4A-78CC-D198-D64F34502E1C}.Release|Any CPU.ActiveCfg = Release|Any CPU
		{024ACEF6-5A4A-78CC-D198-D64F34502E1C}.Release|Any CPU.Build.0 = Release|Any CPU
		{B04806C6-5A0B-1CD8-79E4-D9C1658E24B5}.Debug|Any CPU.ActiveCfg = Debug|Any CPU
		{B04806C6-5A0B-1CD8-79E4-D9C1658E24B5}.Debug|Any CPU.Build.0 = Debug|Any CPU
		{B04806C6-5A0B-1CD8-79E4-D9C1658E24B5}.Release|Any CPU.ActiveCfg = Release|Any CPU
		{B04806C6-5A0B-1CD8-79E4-D9C1658E24B5}.Release|Any CPU.Build.0 = Release|Any CPU
		{C60CC4EF-074F-36DA-6A8C-DA6DE7050B0D}.Debug|Any CPU.ActiveCfg = Debug|Any CPU
		{C60CC4EF-074F-36DA-6A8C-DA6DE7050B0D}.Debug|Any CPU.Build.0 = Debug|Any CPU
		{C60CC4EF-074F-36DA-6A8C-DA6DE7050B0D}.Release|Any CPU.ActiveCfg = Release|Any CPU
		{C60CC4EF-074F-36DA-6A8C-DA6DE7050B0D}.Release|Any CPU.Build.0 = Release|Any CPU
		{303DC81C-5979-F604-C82B-0498D022E28E}.Debug|Any CPU.ActiveCfg = Debug|Any CPU
		{303DC81C-5979-F604-C82B-0498D022E28E}.Debug|Any CPU.Build.0 = Debug|Any CPU
		{303DC81C-5979-F604-C82B-0498D022E28E}.Release|Any CPU.ActiveCfg = Release|Any CPU
		{303DC81C-5979-F604-C82B-0498D022E28E}.Release|Any CPU.Build.0 = Release|Any CPU
		{CCE6B43D-BCFB-928E-44D1-3649C06B53AE}.Debug|Any CPU.ActiveCfg = Debug|Any CPU
		{CCE6B43D-BCFB-928E-44D1-3649C06B53AE}.Debug|Any CPU.Build.0 = Debug|Any CPU
		{CCE6B43D-BCFB-928E-44D1-3649C06B53AE}.Release|Any CPU.ActiveCfg = Release|Any CPU
		{CCE6B43D-BCFB-928E-44D1-3649C06B53AE}.Release|Any CPU.Build.0 = Release|Any CPU
	EndGlobalSection
	GlobalSection(SolutionProperties) = preSolution
		HideSolutionNode = FALSE
	EndGlobalSection
																			GlobalSection(MonoDevelopProperties) = preSolution
		StartupItem = Assembly-CSharp.csproj
		Policies = $0
		$0.TextStylePolicy = $1
		$1.inheritsSet = null
		$1.scope = text/x-csharp
		$0.CSharpFormattingPolicy = $2
		$2.inheritsSet = Mono
		$2.inheritsScope = text/x-csharp
		$2.scope = text/x-csharp
		$0.TextStylePolicy = $3
		$3.FileWidth = 120
		$3.TabWidth = 4
		$3.IndentWidth = 4
		$3.EolMarker = Unix
		$3.inheritsSet = Mono
		$3.inheritsScope = text/plain
		$3.scope = text/plain
	EndGlobalSection

EndGlobal
