Microsoft Visual Studio Solution File, Format Version 11.00
# Visual Studio 2008

Project("{2690F7EC-777B-9ED6-FCBE-2140AF7B3070}") = "Screen Shop", "Assembly-CSharp-firstpass-vs.csproj", "{7D3CB44A-0A21-0D6E-B1EF-C26D30554349}"
EndProject
Project("{2690F7EC-777B-9ED6-FCBE-2140AF7B3070}") = "Screen Shop", "Assembly-CSharp-vs.csproj", "{53998AF3-AD8B-86E5-4247-A13D987C2110}"
EndProject
Project("{2690F7EC-777B-9ED6-FCBE-2140AF7B3070}") = "Screen Shop", "Assembly-CSharp-Editor-firstpass-vs.csproj", "{3B1E3201-D025-8B18-A79D-17FCF64F1B07}"
EndProject
Project("{2690F7EC-777B-9ED6-FCBE-2140AF7B3070}") = "Screen Shop", "Assembly-CSharp-Editor-vs.csproj", "{BEB9F67B-6F63-EEE3-DF04-E97D60B35740}"
EndProject
Global
	GlobalSection(SolutionConfigurationPlatforms) = preSolution
		Debug|Any CPU = Debug|Any CPU
		Release|Any CPU = Release|Any CPU
	EndGlobalSection
	GlobalSection(ProjectConfigurationPlatforms) = postSolution
		{7D3CB44A-0A21-0D6E-B1EF-C26D30554349}.Debug|Any CPU.ActiveCfg = Debug|Any CPU
		{7D3CB44A-0A21-0D6E-B1EF-C26D30554349}.Debug|Any CPU.Build.0 = Debug|Any CPU
		{7D3CB44A-0A21-0D6E-B1EF-C26D30554349}.Release|Any CPU.ActiveCfg = Release|Any CPU
		{7D3CB44A-0A21-0D6E-B1EF-C26D30554349}.Release|Any CPU.Build.0 = Release|Any CPU
		{53998AF3-AD8B-86E5-4247-A13D987C2110}.Debug|Any CPU.ActiveCfg = Debug|Any CPU
		{53998AF3-AD8B-86E5-4247-A13D987C2110}.Debug|Any CPU.Build.0 = Debug|Any CPU
		{53998AF3-AD8B-86E5-4247-A13D987C2110}.Release|Any CPU.ActiveCfg = Release|Any CPU
		{53998AF3-AD8B-86E5-4247-A13D987C2110}.Release|Any CPU.Build.0 = Release|Any CPU
		{3B1E3201-D025-8B18-A79D-17FCF64F1B07}.Debug|Any CPU.ActiveCfg = Debug|Any CPU
		{3B1E3201-D025-8B18-A79D-17FCF64F1B07}.Debug|Any CPU.Build.0 = Debug|Any CPU
		{3B1E3201-D025-8B18-A79D-17FCF64F1B07}.Release|Any CPU.ActiveCfg = Release|Any CPU
		{3B1E3201-D025-8B18-A79D-17FCF64F1B07}.Release|Any CPU.Build.0 = Release|Any CPU
		{BEB9F67B-6F63-EEE3-DF04-E97D60B35740}.Debug|Any CPU.ActiveCfg = Debug|Any CPU
		{BEB9F67B-6F63-EEE3-DF04-E97D60B35740}.Debug|Any CPU.Build.0 = Debug|Any CPU
		{BEB9F67B-6F63-EEE3-DF04-E97D60B35740}.Release|Any CPU.ActiveCfg = Release|Any CPU
		{BEB9F67B-6F63-EEE3-DF04-E97D60B35740}.Release|Any CPU.Build.0 = Release|Any CPU
	EndGlobalSection
	GlobalSection(SolutionProperties) = preSolution
		HideSolutionNode = FALSE
	EndGlobalSection
																																																																	GlobalSection(MonoDevelopProperties) = preSolution
		StartupItem = Assembly-CSharp.csproj
		Policies = $0
		$0.TextStylePolicy = $1
		$1.inheritsSet = null
		$1.scope = text/x-csharp
		$0.CSharpFormattingPolicy = $2
		$2.inheritsSet = Mono
		$2.inheritsScope = text/x-csharp
		$2.scope = text/x-csharp
		$0.TextStylePolicy = $3
		$3.FileWidth = 120
		$3.TabWidth = 4
		$3.IndentWidth = 4
		$3.EolMarker = Unix
		$3.inheritsSet = Mono
		$3.inheritsScope = text/plain
		$3.scope = text/plain
	EndGlobalSection

EndGlobal
